
Microsoft Visual Studio Solution File, Format Version 12.00
# Visual Studio Version 16
VisualStudioVersion = 16.0.33027.164
MinimumVisualStudioVersion = 10.0.40219.1
Project("{FAE04EC0-301F-11D3-BF4B-00C04F79EFBC}") = "Mandelbrot", "Mandelbrot\Mandelbrot.csproj", "{1F683829-89A5-478F-B39E-3452E6C592EA}"
EndProject
Global
	GlobalSection(SolutionConfigurationPlatforms) = preSolution
		Debug|Any CPU = Debug|Any CPU
		Release|Any CPU = Release|Any CPU
	EndGlobalSection
	GlobalSection(ProjectConfigurationPlatforms) = postSolution
		{1F683829-89A5-478F-B39E-3452E6C592EA}.Debug|Any CPU.ActiveCfg = Debug|Any CPU
		{1F683829-89A5-478F-B39E-3452E6C592EA}.Debug|Any CPU.Build.0 = Debug|Any CPU
		{1F683829-89A5-478F-B39E-3452E6C592EA}.Release|Any CPU.ActiveCfg = Release|Any CPU
		{1F683829-89A5-478F-B39E-3452E6C592EA}.Release|Any CPU.Build.0 = Release|Any CPU
	EndGlobalSection
	GlobalSection(SolutionProperties) = preSolution
		HideSolutionNode = FALSE
	EndGlobalSection
	GlobalSection(ExtensibilityGlobals) = postSolution
		SolutionGuid = {76A1BCAA-1D36-4846-9B79-1113FB8B9EAF}
	EndGlobalSection
EndGlobal
